# THIS IS AN AUTOGENERATED FILE. DO NOT EDIT THIS FILE DIRECTLY.
# yarn lockfile v1


"@material/animation@^0.4.1":
  version "0.4.1"
  resolved "https://registry.yarnpkg.com/@material/animation/-/animation-0.4.1.tgz#bf8b50aedad4cffce8a5b428fdca8f1abbaf176e"

"@material/auto-init@^0.2.0":
  version "0.2.0"
  resolved "https://registry.yarnpkg.com/@material/auto-init/-/auto-init-0.2.0.tgz#f6f6ef139c8aa4b5630df887b52d674342a5c93b"

"@material/base@^0.2.6":
  version "0.2.6"
  resolved "https://registry.yarnpkg.com/@material/base/-/base-0.2.6.tgz#3003f3df2c06d172151d4160b8c8b2e6c65e7c01"

"@material/button@^0.23.0":
  version "0.23.0"
  resolved "https://registry.yarnpkg.com/@material/button/-/button-0.23.0.tgz#6c5c24778292ab1f13f83ee94a2c8e026b04a2d3"
  dependencies:
    "@material/elevation" "^0.1.13"
    "@material/ripple" "^0.23.0"
    "@material/theme" "^0.4.0"
    "@material/typography" "^0.3.0"

"@material/card@^0.2.10":
  version "0.2.10"
  resolved "https://registry.yarnpkg.com/@material/card/-/card-0.2.10.tgz#59a553f445c07a2bd2a6c39390316a1d9c2af2b1"
  dependencies:
    "@material/elevation" "^0.1.13"
    "@material/rtl" "^0.1.8"
    "@material/theme" "^0.4.0"
    "@material/typography" "^0.3.0"

"@material/checkbox@^0.23.0":
  version "0.23.0"
  resolved "https://registry.yarnpkg.com/@material/checkbox/-/checkbox-0.23.0.tgz#c7f8f7af6e1e71e473d25ad8f9e7566a91e1ec11"
  dependencies:
    "@material/animation" "^0.4.1"
    "@material/base" "^0.2.6"
    "@material/ripple" "^0.23.0"
    "@material/rtl" "^0.1.8"
    "@material/selection-control" "^0.23.0"
    "@material/theme" "^0.4.0"

"@material/dialog@^0.23.0":
  version "0.23.0"
  resolved "https://registry.yarnpkg.com/@material/dialog/-/dialog-0.23.0.tgz#41e2d94138dc5985f964ba7a0a5a39e77a51e6c3"
  dependencies:
    "@material/animation" "^0.4.1"
    "@material/base" "^0.2.6"
    "@material/elevation" "^0.1.13"
    "@material/ripple" "^0.23.0"
    "@material/rtl" "^0.1.8"
    "@material/theme" "^0.4.0"
    "@material/typography" "^0.1.1"
    focus-trap "^2.3.0"

"@material/drawer@^0.5.9":
  version "0.5.9"
  resolved "https://registry.yarnpkg.com/@material/drawer/-/drawer-0.5.9.tgz#81b81df5c8d95e8297ae052cffa66dc997011dbd"
  dependencies:
    "@material/animation" "^0.4.1"
    "@material/base" "^0.2.6"
    "@material/elevation" "^0.1.13"
    "@material/rtl" "^0.1.8"
    "@material/theme" "^0.4.0"
    "@material/typography" "^0.3.0"

"@material/elevation@^0.1.13":
  version "0.1.13"
  resolved "https://registry.yarnpkg.com/@material/elevation/-/elevation-0.1.13.tgz#a38885f3caf4398ca6a7468c308887d70bd4605b"
  dependencies:
    "@material/animation" "^0.4.1"

"@material/fab@^0.23.0":
  version "0.23.0"
  resolved "https://registry.yarnpkg.com/@material/fab/-/fab-0.23.0.tgz#efa91a57b8a1858d585a60be2c2667c013bd8f16"
  dependencies:
    "@material/animation" "^0.4.1"
    "@material/elevation" "^0.1.13"
    "@material/ripple" "^0.23.0"
    "@material/theme" "^0.4.0"

"@material/form-field@^0.23.0":
  version "0.23.0"
  resolved "https://registry.yarnpkg.com/@material/form-field/-/form-field-0.23.0.tgz#461007147a76e3104b2ce1f409d540cf70f3dbe5"
  dependencies:
    "@material/base" "^0.2.6"
    "@material/rtl" "^0.1.8"
    "@material/selection-control" "^0.23.0"
    "@material/theme" "^0.4.0"
    "@material/typography" "^0.3.0"

"@material/grid-list@^0.2.13":
  version "0.2.13"
  resolved "https://registry.yarnpkg.com/@material/grid-list/-/grid-list-0.2.13.tgz#04ce198d23c710c67316f1ec5f0409829fd6bead"
  dependencies:
    "@material/base" "^0.2.6"
    "@material/rtl" "^0.1.8"
    "@material/theme" "^0.4.0"
    "@material/typography" "^0.3.0"

"@material/icon-toggle@^0.23.0":
  version "0.23.0"
  resolved "https://registry.yarnpkg.com/@material/icon-toggle/-/icon-toggle-0.23.0.tgz#a7a53a7221a5eb6fd90811327e3066d448caa9eb"
  dependencies:
    "@material/animation" "^0.4.1"
    "@material/base" "^0.2.6"
    "@material/ripple" "^0.23.0"
    "@material/theme" "^0.4.0"

"@material/layout-grid@^0.23.0":
  version "0.23.0"
  resolved "https://registry.yarnpkg.com/@material/layout-grid/-/layout-grid-0.23.0.tgz#468b08eaae12f49e5053ca340eeca53b1866161e"

"@material/linear-progress@^0.1.11":
  version "0.1.11"
  resolved "https://registry.yarnpkg.com/@material/linear-progress/-/linear-progress-0.1.11.tgz#971d4e015575a4b131e96f0aa0c9440ad5e9e3ef"
  dependencies:
    "@material/animation" "^0.4.1"
    "@material/base" "^0.2.6"
    "@material/theme" "^0.4.0"

"@material/list@^0.23.0":
  version "0.23.0"
  resolved "https://registry.yarnpkg.com/@material/list/-/list-0.23.0.tgz#f2191cac7e77f375da1d5b43d2578613e8fd9b48"
  dependencies:
    "@material/ripple" "^0.23.0"
    "@material/rtl" "^0.1.8"
    "@material/theme" "^0.4.0"
    "@material/typography" "^0.3.0"

"@material/menu@^0.23.0":
  version "0.23.0"
  resolved "https://registry.yarnpkg.com/@material/menu/-/menu-0.23.0.tgz#873e718d7b4ed9bdae2f63cf81b3da2336b04c06"
  dependencies:
    "@material/animation" "^0.4.1"
    "@material/base" "^0.2.6"
    "@material/elevation" "^0.1.13"
    "@material/theme" "^0.4.0"
    "@material/typography" "^0.3.0"

"@material/radio@^0.23.0":
  version "0.23.0"
  resolved "https://registry.yarnpkg.com/@material/radio/-/radio-0.23.0.tgz#67beb1d0c00f23b087d549a6dbac79a60270c6a4"
  dependencies:
    "@material/animation" "^0.4.1"
    "@material/base" "^0.2.6"
    "@material/ripple" "^0.23.0"
    "@material/selection-control" "^0.23.0"
    "@material/theme" "^0.4.0"

"@material/ripple@^0.23.0":
  version "0.23.0"
  resolved "https://registry.yarnpkg.com/@material/ripple/-/ripple-0.23.0.tgz#d5cd1b3014d0d079b835fc62d51eccbb5d775373"
  dependencies:
    "@material/base" "^0.2.6"
    "@material/theme" "^0.4.0"

"@material/rtl@^0.1.8":
  version "0.1.8"
  resolved "https://registry.yarnpkg.com/@material/rtl/-/rtl-0.1.8.tgz#2462db15e2d4e041666485559c028382872b01fb"

"@material/select@^0.23.0":
  version "0.23.0"
  resolved "https://registry.yarnpkg.com/@material/select/-/select-0.23.0.tgz#7d58b744ed3b821db1f1c151fbe7c5bc6aebe6d9"
  dependencies:
    "@material/animation" "^0.4.1"
    "@material/base" "^0.2.6"
    "@material/list" "^0.23.0"
    "@material/menu" "^0.23.0"
    "@material/rtl" "^0.1.8"
    "@material/theme" "^0.4.0"
    "@material/typography" "^0.3.0"

"@material/selection-control@^0.23.0":
  version "0.23.0"
  resolved "https://registry.yarnpkg.com/@material/selection-control/-/selection-control-0.23.0.tgz#a819cf655cee857c48979f412c7f5702f40e280a"
  dependencies:
    "@material/ripple" "^0.23.0"

"@material/slider@^0.23.0":
  version "0.23.0"
  resolved "https://registry.yarnpkg.com/@material/slider/-/slider-0.23.0.tgz#db069f8b9bee554bad8ca48d734c70be4abcf8eb"
  dependencies:
    "@material/animation" "^0.4.1"
    "@material/base" "^0.2.6"
    "@material/rtl" "^0.1.8"
    "@material/theme" "^0.4.0"

"@material/snackbar@^0.4.1":
  version "0.4.1"
  resolved "https://registry.yarnpkg.com/@material/snackbar/-/snackbar-0.4.1.tgz#e8bec10f6869ddf36b41d886b3b7f28347b1480c"
  dependencies:
    "@material/animation" "^0.4.1"
    "@material/base" "^0.2.6"
    "@material/rtl" "^0.1.8"
    "@material/theme" "^0.4.0"
    "@material/typography" "^0.3.0"

"@material/switch@^0.1.15":
  version "0.1.15"
  resolved "https://registry.yarnpkg.com/@material/switch/-/switch-0.1.15.tgz#6f2b1f1ef7c3dc96e32a68a3101498b562914619"
  dependencies:
    "@material/animation" "^0.4.1"
    "@material/elevation" "^0.1.13"
    "@material/theme" "^0.4.0"

"@material/tabs@^0.23.0":
  version "0.23.0"
  resolved "https://registry.yarnpkg.com/@material/tabs/-/tabs-0.23.0.tgz#449c9de2c2a669c2f9c597266f5270dc95597978"
  dependencies:
    "@material/animation" "^0.4.1"
    "@material/base" "^0.2.6"
    "@material/ripple" "^0.23.0"
    "@material/rtl" "^0.1.8"
    "@material/theme" "^0.4.0"
    "@material/typography" "^0.3.0"

"@material/textfield@^0.23.0":
  version "0.23.0"
  resolved "https://registry.yarnpkg.com/@material/textfield/-/textfield-0.23.0.tgz#79d4c08fde99b90b2a2479081d8f926a3e70228d"
  dependencies:
    "@material/animation" "^0.4.1"
    "@material/base" "^0.2.6"
    "@material/ripple" "^0.23.0"
    "@material/rtl" "^0.1.8"
    "@material/theme" "^0.4.0"
    "@material/typography" "^0.3.0"

"@material/theme@^0.4.0":
  version "0.4.0"
  resolved "https://registry.yarnpkg.com/@material/theme/-/theme-0.4.0.tgz#0aef1a0279b65c15990584fb8b8eca095c734641"

"@material/toolbar@^0.23.0":
  version "0.23.0"
  resolved "https://registry.yarnpkg.com/@material/toolbar/-/toolbar-0.23.0.tgz#f71a0353a022c97d04c90eb414b5160ba71292eb"
  dependencies:
    "@material/base" "^0.2.6"
    "@material/elevation" "^0.1.13"
    "@material/rtl" "^0.1.8"
    "@material/theme" "^0.4.0"
    "@material/typography" "^0.3.0"

"@material/typography@^0.1.1":
  version "0.1.1"
  resolved "https://registry.yarnpkg.com/@material/typography/-/typography-0.1.1.tgz#fb2e3437bd3284d39e9fb91485767ade6b2bd0c1"

"@material/typography@^0.3.0":
  version "0.3.0"
  resolved "https://registry.yarnpkg.com/@material/typography/-/typography-0.3.0.tgz#f828c2d3215bfd66c58072709b4260c64125390a"

asap@~2.0.3:
  version "2.0.6"
  resolved "https://registry.yarnpkg.com/asap/-/asap-2.0.6.tgz#e50347611d7e690943208bbdafebcbc2fb866d46"

classnames@^2.2.5:
  version "2.2.5"
  resolved "https://registry.yarnpkg.com/classnames/-/classnames-2.2.5.tgz#fb3801d453467649ef3603c7d61a02bd129bde6d"

core-js@^1.0.0:
  version "1.2.7"
  resolved "https://registry.yarnpkg.com/core-js/-/core-js-1.2.7.tgz#652294c14651db28fa93bd2d5ff2983a4f08c636"

create-react-class@^15.6.0:
  version "15.6.2"
  resolved "https://registry.yarnpkg.com/create-react-class/-/create-react-class-15.6.2.tgz#cf1ed15f12aad7f14ef5f2dfe05e6c42f91ef02a"
  dependencies:
    fbjs "^0.8.9"
    loose-envify "^1.3.1"
    object-assign "^4.1.1"

encoding@^0.1.11:
  version "0.1.12"
  resolved "https://registry.yarnpkg.com/encoding/-/encoding-0.1.12.tgz#538b66f3ee62cd1ab51ec323829d1f9480c74beb"
  dependencies:
    iconv-lite "~0.4.13"

fbjs@^0.8.16, fbjs@^0.8.9:
  version "0.8.16"
  resolved "https://registry.yarnpkg.com/fbjs/-/fbjs-0.8.16.tgz#5e67432f550dc41b572bf55847b8aca64e5337db"
  dependencies:
    core-js "^1.0.0"
    isomorphic-fetch "^2.1.1"
    loose-envify "^1.0.0"
    object-assign "^4.1.0"
    promise "^7.1.1"
    setimmediate "^1.0.5"
    ua-parser-js "^0.7.9"

focus-trap@^2.3.0:
  version "2.3.1"
  resolved "https://registry.yarnpkg.com/focus-trap/-/focus-trap-2.3.1.tgz#f4fb86cfe6da38dc652b373e9f42ba476eab1c14"
  dependencies:
    tabbable "^1.0.3"

history@^4.7.2:
  version "4.7.2"
  resolved "https://registry.yarnpkg.com/history/-/history-4.7.2.tgz#22b5c7f31633c5b8021c7f4a8a954ac139ee8d5b"
  dependencies:
    invariant "^2.2.1"
    loose-envify "^1.2.0"
    resolve-pathname "^2.2.0"
    value-equal "^0.4.0"
    warning "^3.0.0"

hoist-non-react-statics@^2.2.1, hoist-non-react-statics@^2.3.0:
  version "2.3.1"
  resolved "https://registry.yarnpkg.com/hoist-non-react-statics/-/hoist-non-react-statics-2.3.1.tgz#343db84c6018c650778898240135a1420ee22ce0"

iconv-lite@~0.4.13:
  version "0.4.19"
  resolved "https://registry.yarnpkg.com/iconv-lite/-/iconv-lite-0.4.19.tgz#f7468f60135f5e5dad3399c0a81be9a1603a082b"

immutable@^3.8.1:
  version "3.8.2"
  resolved "https://registry.yarnpkg.com/immutable/-/immutable-3.8.2.tgz#c2439951455bb39913daf281376f1530e104adf3"

invariant@^2.0.0, invariant@^2.2.1, invariant@^2.2.2:
  version "2.2.2"
  resolved "https://registry.yarnpkg.com/invariant/-/invariant-2.2.2.tgz#9e1f56ac0acdb6bf303306f338be3b204ae60360"
  dependencies:
    loose-envify "^1.0.0"

is-stream@^1.0.1:
  version "1.1.0"
  resolved "https://registry.yarnpkg.com/is-stream/-/is-stream-1.1.0.tgz#12d4a3dd4e68e0b79ceb8dbc84173ae80d91ca44"

isarray@0.0.1:
  version "0.0.1"
  resolved "https://registry.yarnpkg.com/isarray/-/isarray-0.0.1.tgz#8a18acfca9a8f4177e09abfc6038939b05d1eedf"

isomorphic-fetch@^2.1.1:
  version "2.2.1"
  resolved "https://registry.yarnpkg.com/isomorphic-fetch/-/isomorphic-fetch-2.2.1.tgz#611ae1acf14f5e81f729507472819fe9733558a9"
  dependencies:
    node-fetch "^1.0.1"
    whatwg-fetch ">=0.10.0"

js-tokens@^3.0.0:
  version "3.0.2"
  resolved "https://registry.yarnpkg.com/js-tokens/-/js-tokens-3.0.2.tgz#9866df395102130e38f7f996bceb65443209c25b"

lodash-es@^4.2.0, lodash-es@^4.2.1:
  version "4.17.4"
  resolved "https://registry.yarnpkg.com/lodash-es/-/lodash-es-4.17.4.tgz#dcc1d7552e150a0640073ba9cb31d70f032950e7"

lodash@^4.2.0, lodash@^4.2.1:
  version "4.17.4"
  resolved "https://registry.yarnpkg.com/lodash/-/lodash-4.17.4.tgz#78203a4d1c328ae1d86dca6460e369b57f4055ae"

loose-envify@^1.0.0, loose-envify@^1.1.0, loose-envify@^1.2.0, loose-envify@^1.3.1:
  version "1.3.1"
  resolved "https://registry.yarnpkg.com/loose-envify/-/loose-envify-1.3.1.tgz#d1a8ad33fa9ce0e713d65fdd0ac8b748d478c848"
  dependencies:
    js-tokens "^3.0.0"

material-components-web@^0.23.0:
  version "0.23.0"
  resolved "https://registry.yarnpkg.com/material-components-web/-/material-components-web-0.23.0.tgz#91ed6ec9b56703865005de2ceaf66c49d5e2a0f7"
  dependencies:
    "@material/animation" "^0.4.1"
    "@material/auto-init" "^0.2.0"
    "@material/base" "^0.2.6"
    "@material/button" "^0.23.0"
    "@material/card" "^0.2.10"
    "@material/checkbox" "^0.23.0"
    "@material/dialog" "^0.23.0"
    "@material/drawer" "^0.5.9"
    "@material/elevation" "^0.1.13"
    "@material/fab" "^0.23.0"
    "@material/form-field" "^0.23.0"
    "@material/grid-list" "^0.2.13"
    "@material/icon-toggle" "^0.23.0"
    "@material/layout-grid" "^0.23.0"
    "@material/linear-progress" "^0.1.11"
    "@material/list" "^0.23.0"
    "@material/menu" "^0.23.0"
    "@material/radio" "^0.23.0"
    "@material/ripple" "^0.23.0"
    "@material/rtl" "^0.1.8"
    "@material/select" "^0.23.0"
    "@material/selection-control" "^0.23.0"
    "@material/slider" "^0.23.0"
    "@material/snackbar" "^0.4.1"
    "@material/switch" "^0.1.15"
    "@material/tabs" "^0.23.0"
    "@material/textfield" "^0.23.0"
    "@material/theme" "^0.4.0"
    "@material/toolbar" "^0.23.0"
    "@material/typography" "^0.3.0"

node-fetch@^1.0.1:
  version "1.7.3"
  resolved "https://registry.yarnpkg.com/node-fetch/-/node-fetch-1.7.3.tgz#980f6f72d85211a5347c6b2bc18c5b84c3eb47ef"
  dependencies:
    encoding "^0.1.11"
    is-stream "^1.0.1"

object-assign@^4.1.0, object-assign@^4.1.1:
  version "4.1.1"
  resolved "https://registry.yarnpkg.com/object-assign/-/object-assign-4.1.1.tgz#2109adc7965887cfc05cbbd442cac8bfbb360863"

path-to-regexp@^1.7.0:
  version "1.7.0"
  resolved "https://registry.yarnpkg.com/path-to-regexp/-/path-to-regexp-1.7.0.tgz#59fde0f435badacba103a84e9d3bc64e96b9937d"
  dependencies:
    isarray "0.0.1"

promise@^7.1.1:
  version "7.3.1"
  resolved "https://registry.yarnpkg.com/promise/-/promise-7.3.1.tgz#064b72602b18f90f29192b8b1bc418ffd1ebd3bf"
  dependencies:
    asap "~2.0.3"

prop-types@^15.5.10, prop-types@^15.5.4, prop-types@^15.6.0:
  version "15.6.0"
  resolved "https://registry.yarnpkg.com/prop-types/-/prop-types-15.6.0.tgz#ceaf083022fc46b4a35f69e13ef75aed0d639856"
  dependencies:
    fbjs "^0.8.16"
    loose-envify "^1.3.1"
    object-assign "^4.1.1"

react-dom@^15.6.1:
  version "15.6.2"
  resolved "https://registry.yarnpkg.com/react-dom/-/react-dom-15.6.2.tgz#41cfadf693b757faf2708443a1d1fd5a02bef730"
  dependencies:
    fbjs "^0.8.9"
    loose-envify "^1.1.0"
    object-assign "^4.1.0"
    prop-types "^15.5.10"

react-material-design@^0.3.5:
  version "0.3.5"
  resolved "https://registry.yarnpkg.com/react-material-design/-/react-material-design-0.3.5.tgz#2d21f78601c5738a14cecf8c14789293fac3ad06"
  dependencies:
    classnames "^2.2.5"
    immutable "^3.8.1"
    material-components-web "^0.23.0"
    prop-types "^15.5.10"
    react "^15.6.1"
    react-dom "^15.6.1"
    react-router-dom "^4.1.2"
    react-test-renderer "^15.6.1"
    uuid "^3.1.0"

react-redux@^5.0.6:
  version "5.0.6"
  resolved "https://registry.yarnpkg.com/react-redux/-/react-redux-5.0.6.tgz#23ed3a4f986359d68b5212eaaa681e60d6574946"
  dependencies:
    hoist-non-react-statics "^2.2.1"
    invariant "^2.0.0"
    lodash "^4.2.0"
    lodash-es "^4.2.0"
    loose-envify "^1.1.0"
    prop-types "^15.5.10"

react-router-dom@^4.1.2:
  version "4.2.2"
  resolved "https://registry.yarnpkg.com/react-router-dom/-/react-router-dom-4.2.2.tgz#c8a81df3adc58bba8a76782e946cbd4eae649b8d"
  dependencies:
    history "^4.7.2"
    invariant "^2.2.2"
    loose-envify "^1.3.1"
    prop-types "^15.5.4"
    react-router "^4.2.0"
    warning "^3.0.0"

react-router@^4.2.0:
  version "4.2.0"
  resolved "https://registry.yarnpkg.com/react-router/-/react-router-4.2.0.tgz#61f7b3e3770daeb24062dae3eedef1b054155986"
  dependencies:
    history "^4.7.2"
    hoist-non-react-statics "^2.3.0"
    invariant "^2.2.2"
    loose-envify "^1.3.1"
    path-to-regexp "^1.7.0"
    prop-types "^15.5.4"
    warning "^3.0.0"

react-test-renderer@^15.6.1:
  version "15.6.2"
  resolved "https://registry.yarnpkg.com/react-test-renderer/-/react-test-renderer-15.6.2.tgz#d0333434fc2c438092696ca770da5ed48037efa8"
  dependencies:
    fbjs "^0.8.9"
    object-assign "^4.1.0"

react@^15.6.1:
  version "15.6.2"
  resolved "https://registry.yarnpkg.com/react/-/react-15.6.2.tgz#dba0434ab439cfe82f108f0f511663908179aa72"
  dependencies:
    create-react-class "^15.6.0"
    fbjs "^0.8.9"
    loose-envify "^1.1.0"
    object-assign "^4.1.0"
    prop-types "^15.5.10"

react@^16.1.1:
  version "16.1.1"
  resolved "https://registry.yarnpkg.com/react/-/react-16.1.1.tgz#d5c4ef795507e3012282dd51261ff9c0e824fe1f"
  dependencies:
    fbjs "^0.8.16"
    loose-envify "^1.1.0"
    object-assign "^4.1.1"
    prop-types "^15.6.0"

redux@^3.7.2:
  version "3.7.2"
  resolved "https://registry.yarnpkg.com/redux/-/redux-3.7.2.tgz#06b73123215901d25d065be342eb026bc1c8537b"
  dependencies:
    lodash "^4.2.1"
    lodash-es "^4.2.1"
    loose-envify "^1.1.0"
    symbol-observable "^1.0.3"

resolve-pathname@^2.2.0:
  version "2.2.0"
  resolved "https://registry.yarnpkg.com/resolve-pathname/-/resolve-pathname-2.2.0.tgz#7e9ae21ed815fd63ab189adeee64dc831eefa879"

setimmediate@^1.0.5:
  version "1.0.5"
  resolved "https://registry.yarnpkg.com/setimmediate/-/setimmediate-1.0.5.tgz#290cbb232e306942d7d7ea9b83732ab7856f8285"

symbol-observable@^1.0.3:
  version "1.0.4"
  resolved "https://registry.yarnpkg.com/symbol-observable/-/symbol-observable-1.0.4.tgz#29bf615d4aa7121bdd898b22d4b3f9bc4e2aa03d"

tabbable@^1.0.3:
  version "1.1.1"
  resolved "https://registry.yarnpkg.com/tabbable/-/tabbable-1.1.1.tgz#88618caa0dc76e877572a678f0ad97519bba6761"

ua-parser-js@^0.7.9:
  version "0.7.17"
  resolved "https://registry.yarnpkg.com/ua-parser-js/-/ua-parser-js-0.7.17.tgz#e9ec5f9498b9ec910e7ae3ac626a805c4d09ecac"

uuid@^3.1.0:
  version "3.1.0"
  resolved "https://registry.yarnpkg.com/uuid/-/uuid-3.1.0.tgz#3dd3d3e790abc24d7b0d3a034ffababe28ebbc04"

value-equal@^0.4.0:
  version "0.4.0"
  resolved "https://registry.yarnpkg.com/value-equal/-/value-equal-0.4.0.tgz#c5bdd2f54ee093c04839d71ce2e4758a6890abc7"

warning@^3.0.0:
  version "3.0.0"
  resolved "https://registry.yarnpkg.com/warning/-/warning-3.0.0.tgz#32e5377cb572de4ab04753bdf8821c01ed605b7c"
  dependencies:
    loose-envify "^1.0.0"

whatwg-fetch@>=0.10.0:
  version "2.0.3"
  resolved "https://registry.yarnpkg.com/whatwg-fetch/-/whatwg-fetch-2.0.3.tgz#9c84ec2dcf68187ff00bc64e1274b442176e1c84"
